# Generated by pub
# See https://dart.dev/tools/pub/glossary#lockfile
packages:
  args:
    dependency: transitive
    description:
      name: args
      url: "https://pub.dartlang.org"
    source: hosted
    version: "2.3.1"
  yumemi_lints:
    dependency: "direct dev"
    description:
      path: ".."
      relative: true
    source: path
    version: "2.2.0"
sdks:
  dart: ">=2.17.0 <3.0.0"
